
Microsoft Visual Studio Solution File, Format Version 12.00
# Visual Studio 2012
Project("{159641D6-6404-4A2A-AE62-294DE0FE8301}") = "OT", "OT\OT.dtproj", "{10D8D4AB-D562-46C0-B904-698CACB0AD65}"
EndProject
Global
	GlobalSection(SolutionConfigurationPlatforms) = preSolution
		Development|Default = Development|Default
	EndGlobalSection
	GlobalSection(ProjectConfigurationPlatforms) = postSolution
		{10D8D4AB-D562-46C0-B904-698CACB0AD65}.Development|Default.ActiveCfg = Development
		{10D8D4AB-D562-46C0-B904-698CACB0AD65}.Development|Default.Build.0 = Development
	EndGlobalSection
	GlobalSection(SolutionProperties) = preSolution
		HideSolutionNode = FALSE
	EndGlobalSection
EndGlobal
