
Microsoft Visual Studio Solution File, Format Version 12.00
# Visual Studio 2012
Project("{159641D6-6404-4A2A-AE62-294DE0FE8301}") = "Lookup_Transformation_Basic", "Lookup_Transformation_Basic\Lookup_Transformation_Basic.dtproj", "{47856EC6-C541-4142-AC76-5F2B57048194}"
EndProject
Global
	GlobalSection(SolutionConfigurationPlatforms) = preSolution
		Development|Default = Development|Default
	EndGlobalSection
	GlobalSection(ProjectConfigurationPlatforms) = postSolution
		{47856EC6-C541-4142-AC76-5F2B57048194}.Development|Default.ActiveCfg = Development
		{47856EC6-C541-4142-AC76-5F2B57048194}.Development|Default.Build.0 = Development
	EndGlobalSection
	GlobalSection(SolutionProperties) = preSolution
		HideSolutionNode = FALSE
	EndGlobalSection
EndGlobal
