
Microsoft Visual Studio Solution File, Format Version 12.00
# Visual Studio 2012
Project("{159641D6-6404-4A2A-AE62-294DE0FE8301}") = "Lookup_Transfornation_Scenarios", "Lookup_Transfornation_Scenarios\Lookup_Transfornation_Scenarios.dtproj", "{42013A17-F3B7-47F9-9F33-286FA2DCE246}"
EndProject
Global
	GlobalSection(SolutionConfigurationPlatforms) = preSolution
		Development|Default = Development|Default
	EndGlobalSection
	GlobalSection(ProjectConfigurationPlatforms) = postSolution
		{42013A17-F3B7-47F9-9F33-286FA2DCE246}.Development|Default.ActiveCfg = Development
		{42013A17-F3B7-47F9-9F33-286FA2DCE246}.Development|Default.Build.0 = Development
	EndGlobalSection
	GlobalSection(SolutionProperties) = preSolution
		HideSolutionNode = FALSE
	EndGlobalSection
EndGlobal
