
Microsoft Visual Studio Solution File, Format Version 12.00
# Visual Studio 2012
Project("{159641D6-6404-4A2A-AE62-294DE0FE8301}") = "Dynamic_Connection_Manager", "Dynamic_Connection_Manager\Dynamic_Connection_Manager.dtproj", "{7865379D-153A-433C-ADA6-45A07E02930F}"
EndProject
Global
	GlobalSection(SolutionConfigurationPlatforms) = preSolution
		Development|Default = Development|Default
	EndGlobalSection
	GlobalSection(ProjectConfigurationPlatforms) = postSolution
		{7865379D-153A-433C-ADA6-45A07E02930F}.Development|Default.ActiveCfg = Development
		{7865379D-153A-433C-ADA6-45A07E02930F}.Development|Default.Build.0 = Development
	EndGlobalSection
	GlobalSection(SolutionProperties) = preSolution
		HideSolutionNode = FALSE
	EndGlobalSection
EndGlobal
