
Microsoft Visual Studio Solution File, Format Version 12.00
# Visual Studio 2012
Project("{159641D6-6404-4A2A-AE62-294DE0FE8301}") = "Import_Column_Transformation", "Import_Column_Transformation\Import_Column_Transformation.dtproj", "{6F231258-B1AC-4B89-A365-5E88EE4BEC66}"
EndProject
Global
	GlobalSection(SolutionConfigurationPlatforms) = preSolution
		Development|Default = Development|Default
	EndGlobalSection
	GlobalSection(ProjectConfigurationPlatforms) = postSolution
		{6F231258-B1AC-4B89-A365-5E88EE4BEC66}.Development|Default.ActiveCfg = Development
		{6F231258-B1AC-4B89-A365-5E88EE4BEC66}.Development|Default.Build.0 = Development
	EndGlobalSection
	GlobalSection(SolutionProperties) = preSolution
		HideSolutionNode = FALSE
	EndGlobalSection
EndGlobal
