
Microsoft Visual Studio Solution File, Format Version 12.00
# Visual Studio 2012
Project("{159641D6-6404-4A2A-AE62-294DE0FE8301}") = "Row_Count_Transformation", "Row_Count_Transformation\Row_Count_Transformation.dtproj", "{2CC9EE19-7D46-4356-813D-1AA7C22ED285}"
EndProject
Global
	GlobalSection(SolutionConfigurationPlatforms) = preSolution
		Development|Default = Development|Default
	EndGlobalSection
	GlobalSection(ProjectConfigurationPlatforms) = postSolution
		{2CC9EE19-7D46-4356-813D-1AA7C22ED285}.Development|Default.ActiveCfg = Development
		{2CC9EE19-7D46-4356-813D-1AA7C22ED285}.Development|Default.Build.0 = Development
	EndGlobalSection
	GlobalSection(SolutionProperties) = preSolution
		HideSolutionNode = FALSE
	EndGlobalSection
EndGlobal
